{
  "originHash" : "1b68b279e4e46a4631c81619fd49b5f22328ff70f22e2be8bf5ddde1a75a9c71",
  "pins" : [
    {
      "identity" : "swift-syntax",
      "kind" : "remoteSourceControl",
      "location" : "https://github.com/apple/swift-syntax.git",
      "state" : {
        "revision" : "64889f0c732f210a935a0ad7cda38f77f876262d",
        "version" : "509.1.1"
      }
    },
    {
      "identity" : "ukatonswiftmacros",
      "kind" : "remoteSourceControl",
      "location" : "https://github.com/zakaton/UkatonSwiftMacros.git",
      "state" : {
        "branch" : "main",
        "revision" : "ddce635c0c565ee3257ef415de7117ec3e787bd7"
      }
    }
  ],
  "version" : 3
}
