{
  "originHash" : "0e1b2266b1c8a181a5d62f5b02237a215a0dc3e685a1e0d076b0113cc145657f",
  "pins" : [
    {
      "identity" : "swift-syntax",
      "kind" : "remoteSourceControl",
      "location" : "https://github.com/apple/swift-syntax.git",
      "state" : {
        "revision" : "64889f0c732f210a935a0ad7cda38f77f876262d",
        "version" : "509.1.1"
      }
    },
    {
      "identity" : "ukatonswiftmacros",
      "kind" : "remoteSourceControl",
      "location" : "https://github.com/zakaton/UkatonSwiftMacros.git",
      "state" : {
        "branch" : "main",
        "revision" : "ddce635c0c565ee3257ef415de7117ec3e787bd7"
      }
    }
  ],
  "version" : 3
}
